
Microsoft Visual Studio Solution File, Format Version 12.00
# Visual Studio 14
VisualStudioVersion = 14.0.25420.1
MinimumVisualStudioVersion = 10.0.40219.1
Project("{FAE04EC0-301F-11D3-BF4B-00C04F79EFBC}") = "ParcelValidator", "ParcelValidator\ParcelValidator.csproj", "{8417B2CF-D883-40C1-AE9E-4EA009F1D24D}"
EndProject
Project("{FAE04EC0-301F-11D3-BF4B-00C04F79EFBC}") = "ParcelValidator.Tests", "ParcelValidator.Tests\ParcelValidator.Tests.csproj", "{616D7B6A-DDBC-47D8-B7D4-B05A550D15D2}"
EndProject
Global
	GlobalSection(SolutionConfigurationPlatforms) = preSolution
		Debug|Any CPU = Debug|Any CPU
		Release|Any CPU = Release|Any CPU
	EndGlobalSection
	GlobalSection(ProjectConfigurationPlatforms) = postSolution
		{8417B2CF-D883-40C1-AE9E-4EA009F1D24D}.Debug|Any CPU.ActiveCfg = Debug|Any CPU
		{8417B2CF-D883-40C1-AE9E-4EA009F1D24D}.Debug|Any CPU.Build.0 = Debug|Any CPU
		{8417B2CF-D883-40C1-AE9E-4EA009F1D24D}.Release|Any CPU.ActiveCfg = Release|Any CPU
		{8417B2CF-D883-40C1-AE9E-4EA009F1D24D}.Release|Any CPU.Build.0 = Release|Any CPU
		{616D7B6A-DDBC-47D8-B7D4-B05A550D15D2}.Debug|Any CPU.ActiveCfg = Debug|Any CPU
		{616D7B6A-DDBC-47D8-B7D4-B05A550D15D2}.Debug|Any CPU.Build.0 = Debug|Any CPU
		{616D7B6A-DDBC-47D8-B7D4-B05A550D15D2}.Release|Any CPU.ActiveCfg = Release|Any CPU
		{616D7B6A-DDBC-47D8-B7D4-B05A550D15D2}.Release|Any CPU.Build.0 = Release|Any CPU
	EndGlobalSection
	GlobalSection(SolutionProperties) = preSolution
		HideSolutionNode = FALSE
	EndGlobalSection
EndGlobal
